<?xml version="1.0" encoding="utf-8"?>
<Project ToolsVersion="4.0" xmlns="http://schemas.microsoft.com/developer/msbuild/2003">
  <ItemGroup>
    <Filter Include="Source Files">
      <UniqueIdentifier>{4FC737F1-C7A5-4376-A066-2A32D752A2FF}</UniqueIdentifier>
      <Extensions>cpp;c;cc;cxx;def;odl;idl;hpj;bat;asm;asmx</Extensions>
    </Filter>
    <Filter Include="Header Files">
      <UniqueIdentifier>{93995380-89BD-4b04-88EB-625FBE52EBFB}</UniqueIdentifier>
      <Extensions>h;hh;hpp;hxx;hm;inl;inc;xsd</Extensions>
    </Filter>
    <Filter Include="Resource Files">
      <UniqueIdentifier>{67DA6AB6-F800-4c08-8B7A-83BB121AAD01}</UniqueIdentifier>
      <Extensions>rc;ico;cur;bmp;dlg;rc2;rct;bin;rgs;gif;jpg;jpeg;jpe;resx;tiff;tif;png;wav;mfcribbon-ms</Extensions>
    </Filter>
    <Filter Include="Source Files\util">
      <UniqueIdentifier>{7816b608-6524-46b4-adea-34164f649033}</UniqueIdentifier>
    </Filter>
    <Filter Include="Header Files\util">
      <UniqueIdentifier>{d48923fd-c9bd-4919-91af-9fe0aefaf73d}</UniqueIdentifier>
    </Filter>
    <Filter Include="Source Files\sort">
      <UniqueIdentifier>{64dda8f9-af32-450a-b629-35d37584e0da}</UniqueIdentifier>
    </Filter>
    <Filter Include="Header Files\sort">
      <UniqueIdentifier>{f811a489-fca1-4b54-a81a-f837ade3731d}</UniqueIdentifier>
    </Filter>
  </ItemGroup>
  <ItemGroup>
    <Text Include="ReadMe.txt" />
  </ItemGroup>
  <ItemGroup>
    <ClInclude Include="stdafx.h">
      <Filter>Header Files</Filter>
    </ClInclude>
    <ClInclude Include="targetver.h">
      <Filter>Header Files</Filter>
    </ClInclude>
    <ClInclude Include="SortUtil.h">
      <Filter>Header Files\util</Filter>
    </ClInclude>
    <ClInclude Include="SortBubble.h">
      <Filter>Header Files\sort</Filter>
    </ClInclude>
    <ClInclude Include="SortInsert.h">
      <Filter>Header Files\sort</Filter>
    </ClInclude>
    <ClInclude Include="SortSelect.h">
      <Filter>Header Files\sort</Filter>
    </ClInclude>
    <ClInclude Include="SortShell.h">
      <Filter>Header Files\sort</Filter>
    </ClInclude>
  </ItemGroup>
  <ItemGroup>
    <ClCompile Include="stdafx.cpp">
      <Filter>Source Files</Filter>
    </ClCompile>
    <ClCompile Include="CPlusPlusAlgorithm.cpp">
      <Filter>Source Files</Filter>
    </ClCompile>
    <ClCompile Include="SortUtil.cpp">
      <Filter>Source Files\util</Filter>
    </ClCompile>
    <ClCompile Include="SortBubble.cpp">
      <Filter>Source Files\sort</Filter>
    </ClCompile>
    <ClCompile Include="SortInsert.cpp">
      <Filter>Source Files\sort</Filter>
    </ClCompile>
    <ClCompile Include="SortSelect.cpp">
      <Filter>Source Files\sort</Filter>
    </ClCompile>
    <ClCompile Include="SortShell.cpp">
      <Filter>Source Files\sort</Filter>
    </ClCompile>
  </ItemGroup>
</Project>